
Microsoft Visual Studio Solution File, Format Version 12.00
# Visual Studio Version 17
VisualStudioVersion = 17.5.33414.496
MinimumVisualStudioVersion = 10.0.40219.1
Project("{FAE04EC0-301F-11D3-BF4B-00C04F79EFBC}") = "CH01", "CH01\CH01.csproj", "{93F2B235-CB6D-4BF5-96F8-92BDD98C0200}"
EndProject
Global
	GlobalSection(SolutionConfigurationPlatforms) = preSolution
		Debug|Any CPU = Debug|Any CPU
		Release|Any CPU = Release|Any CPU
	EndGlobalSection
	GlobalSection(ProjectConfigurationPlatforms) = postSolution
		{93F2B235-CB6D-4BF5-96F8-92BDD98C0200}.Debug|Any CPU.ActiveCfg = Debug|Any CPU
		{93F2B235-CB6D-4BF5-96F8-92BDD98C0200}.Debug|Any CPU.Build.0 = Debug|Any CPU
		{93F2B235-CB6D-4BF5-96F8-92BDD98C0200}.Release|Any CPU.ActiveCfg = Release|Any CPU
		{93F2B235-CB6D-4BF5-96F8-92BDD98C0200}.Release|Any CPU.Build.0 = Release|Any CPU
	EndGlobalSection
	GlobalSection(SolutionProperties) = preSolution
		HideSolutionNode = FALSE
	EndGlobalSection
	GlobalSection(ExtensibilityGlobals) = postSolution
		SolutionGuid = {3583E2CF-FA2F-4B17-8000-C225B81CCA40}
	EndGlobalSection
EndGlobal
